// !$*UTF8*$!
{
	archiveVersion = 1;
	classes = {
	};
	objectVersion = 50;
	objects = {

/* Begin PBXBuildFile section */
		B750B5802123DBCB0014CE55 /* WLFormSectionItem.m in Sources */ = {isa = PBXBuildFile; fileRef = B750B57F2123DBCB0014CE55 /* WLFormSectionItem.m */; };
		B750B5832123FF570014CE55 /* WLFormBaseCell.m in Sources */ = {isa = PBXBuildFile; fileRef = B750B5822123FF570014CE55 /* WLFormBaseCell.m */; };
		B750B58E2123FFEB0014CE55 /* WLFormCompat.m in Sources */ = {isa = PBXBuildFile; fileRef = B750B5852123FFEA0014CE55 /* WLFormCompat.m */; };
		B750B58F2123FFEB0014CE55 /* NSString+WLForm.m in Sources */ = {isa = PBXBuildFile; fileRef = B750B5872123FFEB0014CE55 /* NSString+WLForm.m */; };
		B750B5902123FFEB0014CE55 /* UITextField+TextLimit.m in Sources */ = {isa = PBXBuildFile; fileRef = B750B58A2123FFEB0014CE55 /* UITextField+TextLimit.m */; };
		B750B5912123FFEB0014CE55 /* UITextView+TextLimit.m in Sources */ = {isa = PBXBuildFile; fileRef = B750B58B2123FFEB0014CE55 /* UITextView+TextLimit.m */; };
		B750B5922123FFEB0014CE55 /* SelwynExpandableTextView.m in Sources */ = {isa = PBXBuildFile; fileRef = B750B58D2123FFEB0014CE55 /* SelwynExpandableTextView.m */; };
		B750B5A3212401010014CE55 /* WLFormHandler.m in Sources */ = {isa = PBXBuildFile; fileRef = B750B59D212401010014CE55 /* WLFormHandler.m */; };
		B750B5A4212401010014CE55 /* WLFormBaseController.m in Sources */ = {isa = PBXBuildFile; fileRef = B750B59F212401010014CE55 /* WLFormBaseController.m */; };
		B750B5AE212404940014CE55 /* WLFormInputCell.m in Sources */ = {isa = PBXBuildFile; fileRef = B750B5A9212404940014CE55 /* WLFormInputCell.m */; };
		B750B5AF212404940014CE55 /* WLFormTextViewInputCell.m in Sources */ = {isa = PBXBuildFile; fileRef = B750B5AA212404940014CE55 /* WLFormTextViewInputCell.m */; };
		B750B5B0212404940014CE55 /* WLFormSelectCell.m in Sources */ = {isa = PBXBuildFile; fileRef = B750B5AB212404940014CE55 /* WLFormSelectCell.m */; };
		B750B5B621242D4E0014CE55 /* WLForm.bundle in Resources */ = {isa = PBXBuildFile; fileRef = B750B5B521242D4E0014CE55 /* WLForm.bundle */; };
		B750B5B921242DFD0014CE55 /* WLFormIdCardImageCell.m in Sources */ = {isa = PBXBuildFile; fileRef = B750B5B821242DFD0014CE55 /* WLFormIdCardImageCell.m */; };
		B750B5CC212521330014CE55 /* CGXPickerViewManager.m in Sources */ = {isa = PBXBuildFile; fileRef = B750B5BD212521330014CE55 /* CGXPickerViewManager.m */; };
		B750B5CD212521330014CE55 /* NSDate+CGXPicker.m in Sources */ = {isa = PBXBuildFile; fileRef = B750B5C2212521330014CE55 /* NSDate+CGXPicker.m */; };
		B750B5CE212521330014CE55 /* CGXAddressPcikerView.m in Sources */ = {isa = PBXBuildFile; fileRef = B750B5C3212521330014CE55 /* CGXAddressPcikerView.m */; };
		B750B5CF212521330014CE55 /* CGXPickerView.bundle in Resources */ = {isa = PBXBuildFile; fileRef = B750B5C4212521330014CE55 /* CGXPickerView.bundle */; };
		B750B5D0212521330014CE55 /* CGXDatePickerView.m in Sources */ = {isa = PBXBuildFile; fileRef = B750B5C6212521330014CE55 /* CGXDatePickerView.m */; };
		B750B5D1212521330014CE55 /* CGXPickerUIBaseView.m in Sources */ = {isa = PBXBuildFile; fileRef = B750B5C7212521330014CE55 /* CGXPickerUIBaseView.m */; };
		B750B5D2212521330014CE55 /* CGXAddressModel.m in Sources */ = {isa = PBXBuildFile; fileRef = B750B5C8212521330014CE55 /* CGXAddressModel.m */; };
		B750B5D3212521330014CE55 /* CGXStringPickerView.m in Sources */ = {isa = PBXBuildFile; fileRef = B750B5CA212521330014CE55 /* CGXStringPickerView.m */; };
		B750B5D4212521330014CE55 /* CGXPickerView.m in Sources */ = {isa = PBXBuildFile; fileRef = B750B5CB212521330014CE55 /* CGXPickerView.m */; };
		B75DB6D820F3392A006AC5D6 /* AppDelegate.m in Sources */ = {isa = PBXBuildFile; fileRef = B75DB6D720F33929006AC5D6 /* AppDelegate.m */; };
		B75DB6DB20F3392A006AC5D6 /* ViewController.m in Sources */ = {isa = PBXBuildFile; fileRef = B75DB6DA20F3392A006AC5D6 /* ViewController.m */; };
		B75DB6E020F3392B006AC5D6 /* Assets.xcassets in Resources */ = {isa = PBXBuildFile; fileRef = B75DB6DF20F3392B006AC5D6 /* Assets.xcassets */; };
		B75DB6E320F3392B006AC5D6 /* LaunchScreen.storyboard in Resources */ = {isa = PBXBuildFile; fileRef = B75DB6E120F3392B006AC5D6 /* LaunchScreen.storyboard */; };
		B75DB6E620F3392B006AC5D6 /* main.m in Sources */ = {isa = PBXBuildFile; fileRef = B75DB6E520F3392B006AC5D6 /* main.m */; };
		B75DB6F220F351EC006AC5D6 /* WLFormItem.m in Sources */ = {isa = PBXBuildFile; fileRef = B75DB6F120F351EC006AC5D6 /* WLFormItem.m */; };
		B7F68D8C2126B36100031EB6 /* FormViewController.m in Sources */ = {isa = PBXBuildFile; fileRef = B7F68D8B2126B36100031EB6 /* FormViewController.m */; };
/* End PBXBuildFile section */

/* Begin PBXFileReference section */
		B750B57E2123DBCB0014CE55 /* WLFormSectionItem.h */ = {isa = PBXFileReference; lastKnownFileType = sourcecode.c.h; path = WLFormSectionItem.h; sourceTree = "<group>"; };
		B750B57F2123DBCB0014CE55 /* WLFormSectionItem.m */ = {isa = PBXFileReference; lastKnownFileType = sourcecode.c.objc; path = WLFormSectionItem.m; sourceTree = "<group>"; };
		B750B5812123FF570014CE55 /* WLFormBaseCell.h */ = {isa = PBXFileReference; lastKnownFileType = sourcecode.c.h; path = WLFormBaseCell.h; sourceTree = "<group>"; };
		B750B5822123FF570014CE55 /* WLFormBaseCell.m */ = {isa = PBXFileReference; lastKnownFileType = sourcecode.c.objc; path = WLFormBaseCell.m; sourceTree = "<group>"; };
		B750B5842123FFEA0014CE55 /* WLFormCompat.h */ = {isa = PBXFileReference; fileEncoding = 4; lastKnownFileType = sourcecode.c.h; path = WLFormCompat.h; sourceTree = "<group>"; };
		B750B5852123FFEA0014CE55 /* WLFormCompat.m */ = {isa = PBXFileReference; fileEncoding = 4; lastKnownFileType = sourcecode.c.objc; path = WLFormCompat.m; sourceTree = "<group>"; };
		B750B5862123FFEA0014CE55 /* UITextField+TextLimit.h */ = {isa = PBXFileReference; fileEncoding = 4; lastKnownFileType = sourcecode.c.h; path = "UITextField+TextLimit.h"; sourceTree = "<group>"; };
		B750B5872123FFEB0014CE55 /* NSString+WLForm.m */ = {isa = PBXFileReference; fileEncoding = 4; lastKnownFileType = sourcecode.c.objc; path = "NSString+WLForm.m"; sourceTree = "<group>"; };
		B750B5882123FFEB0014CE55 /* SelwynExpandableTextView.h */ = {isa = PBXFileReference; fileEncoding = 4; lastKnownFileType = sourcecode.c.h; path = SelwynExpandableTextView.h; sourceTree = "<group>"; };
		B750B5892123FFEB0014CE55 /* UITextView+TextLimit.h */ = {isa = PBXFileReference; fileEncoding = 4; lastKnownFileType = sourcecode.c.h; path = "UITextView+TextLimit.h"; sourceTree = "<group>"; };
		B750B58A2123FFEB0014CE55 /* UITextField+TextLimit.m */ = {isa = PBXFileReference; fileEncoding = 4; lastKnownFileType = sourcecode.c.objc; path = "UITextField+TextLimit.m"; sourceTree = "<group>"; };
		B750B58B2123FFEB0014CE55 /* UITextView+TextLimit.m */ = {isa = PBXFileReference; fileEncoding = 4; lastKnownFileType = sourcecode.c.objc; path = "UITextView+TextLimit.m"; sourceTree = "<group>"; };
		B750B58C2123FFEB0014CE55 /* NSString+WLForm.h */ = {isa = PBXFileReference; fileEncoding = 4; lastKnownFileType = sourcecode.c.h; path = "NSString+WLForm.h"; sourceTree = "<group>"; };
		B750B58D2123FFEB0014CE55 /* SelwynExpandableTextView.m */ = {isa = PBXFileReference; fileEncoding = 4; lastKnownFileType = sourcecode.c.objc; path = SelwynExpandableTextView.m; sourceTree = "<group>"; };
		B750B597212400FF0014CE55 /* WLForm.h */ = {isa = PBXFileReference; fileEncoding = 4; lastKnownFileType = sourcecode.c.h; path = WLForm.h; sourceTree = "<group>"; };
		B750B59C212401000014CE55 /* WLFormBaseController.h */ = {isa = PBXFileReference; fileEncoding = 4; lastKnownFileType = sourcecode.c.h; path = WLFormBaseController.h; sourceTree = "<group>"; };
		B750B59D212401010014CE55 /* WLFormHandler.m */ = {isa = PBXFileReference; fileEncoding = 4; lastKnownFileType = sourcecode.c.objc; path = WLFormHandler.m; sourceTree = "<group>"; };
		B750B59E212401010014CE55 /* WLFormHandler.h */ = {isa = PBXFileReference; fileEncoding = 4; lastKnownFileType = sourcecode.c.h; path = WLFormHandler.h; sourceTree = "<group>"; };
		B750B59F212401010014CE55 /* WLFormBaseController.m */ = {isa = PBXFileReference; fileEncoding = 4; lastKnownFileType = sourcecode.c.objc; path = WLFormBaseController.m; sourceTree = "<group>"; };
		B750B5A7212404940014CE55 /* WLFormSelectCell.h */ = {isa = PBXFileReference; fileEncoding = 4; lastKnownFileType = sourcecode.c.h; path = WLFormSelectCell.h; sourceTree = "<group>"; };
		B750B5A8212404940014CE55 /* WLFormInputCell.h */ = {isa = PBXFileReference; fileEncoding = 4; lastKnownFileType = sourcecode.c.h; path = WLFormInputCell.h; sourceTree = "<group>"; };
		B750B5A9212404940014CE55 /* WLFormInputCell.m */ = {isa = PBXFileReference; fileEncoding = 4; lastKnownFileType = sourcecode.c.objc; path = WLFormInputCell.m; sourceTree = "<group>"; };
		B750B5AA212404940014CE55 /* WLFormTextViewInputCell.m */ = {isa = PBXFileReference; fileEncoding = 4; lastKnownFileType = sourcecode.c.objc; path = WLFormTextViewInputCell.m; sourceTree = "<group>"; };
		B750B5AB212404940014CE55 /* WLFormSelectCell.m */ = {isa = PBXFileReference; fileEncoding = 4; lastKnownFileType = sourcecode.c.objc; path = WLFormSelectCell.m; sourceTree = "<group>"; };
		B750B5AC212404940014CE55 /* WLFormTextViewInputCell.h */ = {isa = PBXFileReference; fileEncoding = 4; lastKnownFileType = sourcecode.c.h; path = WLFormTextViewInputCell.h; sourceTree = "<group>"; };
		B750B5B521242D4E0014CE55 /* WLForm.bundle */ = {isa = PBXFileReference; lastKnownFileType = "wrapper.plug-in"; name = WLForm.bundle; path = WLFormTool/WLForm.bundle; sourceTree = SOURCE_ROOT; };
		B750B5B721242DFD0014CE55 /* WLFormIdCardImageCell.h */ = {isa = PBXFileReference; lastKnownFileType = sourcecode.c.h; path = WLFormIdCardImageCell.h; sourceTree = "<group>"; };
		B750B5B821242DFD0014CE55 /* WLFormIdCardImageCell.m */ = {isa = PBXFileReference; lastKnownFileType = sourcecode.c.objc; path = WLFormIdCardImageCell.m; sourceTree = "<group>"; };
		B750B5BB212521330014CE55 /* CGXAddressPcikerView.h */ = {isa = PBXFileReference; fileEncoding = 4; lastKnownFileType = sourcecode.c.h; path = CGXAddressPcikerView.h; sourceTree = "<group>"; };
		B750B5BC212521330014CE55 /* CGXDatePickerView.h */ = {isa = PBXFileReference; fileEncoding = 4; lastKnownFileType = sourcecode.c.h; path = CGXDatePickerView.h; sourceTree = "<group>"; };
		B750B5BD212521330014CE55 /* CGXPickerViewManager.m */ = {isa = PBXFileReference; fileEncoding = 4; lastKnownFileType = sourcecode.c.objc; path = CGXPickerViewManager.m; sourceTree = "<group>"; };
		B750B5BE212521330014CE55 /* CGXAddressModel.h */ = {isa = PBXFileReference; fileEncoding = 4; lastKnownFileType = sourcecode.c.h; path = CGXAddressModel.h; sourceTree = "<group>"; };
		B750B5BF212521330014CE55 /* CGXPickerUIBaseView.h */ = {isa = PBXFileReference; fileEncoding = 4; lastKnownFileType = sourcecode.c.h; path = CGXPickerUIBaseView.h; sourceTree = "<group>"; };
		B750B5C0212521330014CE55 /* CGXPickerView.h */ = {isa = PBXFileReference; fileEncoding = 4; lastKnownFileType = sourcecode.c.h; path = CGXPickerView.h; sourceTree = "<group>"; };
		B750B5C1212521330014CE55 /* CGXStringPickerView.h */ = {isa = PBXFileReference; fileEncoding = 4; lastKnownFileType = sourcecode.c.h; path = CGXStringPickerView.h; sourceTree = "<group>"; };
		B750B5C2212521330014CE55 /* NSDate+CGXPicker.m */ = {isa = PBXFileReference; fileEncoding = 4; lastKnownFileType = sourcecode.c.objc; path = "NSDate+CGXPicker.m"; sourceTree = "<group>"; };
		B750B5C3212521330014CE55 /* CGXAddressPcikerView.m */ = {isa = PBXFileReference; fileEncoding = 4; lastKnownFileType = sourcecode.c.objc; path = CGXAddressPcikerView.m; sourceTree = "<group>"; };
		B750B5C4212521330014CE55 /* CGXPickerView.bundle */ = {isa = PBXFileReference; lastKnownFileType = "wrapper.plug-in"; path = CGXPickerView.bundle; sourceTree = "<group>"; };
		B750B5C5212521330014CE55 /* CGXPickerViewManager.h */ = {isa = PBXFileReference; fileEncoding = 4; lastKnownFileType = sourcecode.c.h; path = CGXPickerViewManager.h; sourceTree = "<group>"; };
		B750B5C6212521330014CE55 /* CGXDatePickerView.m */ = {isa = PBXFileReference; fileEncoding = 4; lastKnownFileType = sourcecode.c.objc; path = CGXDatePickerView.m; sourceTree = "<group>"; };
		B750B5C7212521330014CE55 /* CGXPickerUIBaseView.m */ = {isa = PBXFileReference; fileEncoding = 4; lastKnownFileType = sourcecode.c.objc; path = CGXPickerUIBaseView.m; sourceTree = "<group>"; };
		B750B5C8212521330014CE55 /* CGXAddressModel.m */ = {isa = PBXFileReference; fileEncoding = 4; lastKnownFileType = sourcecode.c.objc; path = CGXAddressModel.m; sourceTree = "<group>"; };
		B750B5C9212521330014CE55 /* NSDate+CGXPicker.h */ = {isa = PBXFileReference; fileEncoding = 4; lastKnownFileType = sourcecode.c.h; path = "NSDate+CGXPicker.h"; sourceTree = "<group>"; };
		B750B5CA212521330014CE55 /* CGXStringPickerView.m */ = {isa = PBXFileReference; fileEncoding = 4; lastKnownFileType = sourcecode.c.objc; path = CGXStringPickerView.m; sourceTree = "<group>"; };
		B750B5CB212521330014CE55 /* CGXPickerView.m */ = {isa = PBXFileReference; fileEncoding = 4; lastKnownFileType = sourcecode.c.objc; path = CGXPickerView.m; sourceTree = "<group>"; };
		B75DB6D320F33929006AC5D6 /* WLFormTool.app */ = {isa = PBXFileReference; explicitFileType = wrapper.application; includeInIndex = 0; path = WLFormTool.app; sourceTree = BUILT_PRODUCTS_DIR; };
		B75DB6D620F33929006AC5D6 /* AppDelegate.h */ = {isa = PBXFileReference; lastKnownFileType = sourcecode.c.h; path = AppDelegate.h; sourceTree = "<group>"; };
		B75DB6D720F33929006AC5D6 /* AppDelegate.m */ = {isa = PBXFileReference; lastKnownFileType = sourcecode.c.objc; path = AppDelegate.m; sourceTree = "<group>"; };
		B75DB6D920F3392A006AC5D6 /* ViewController.h */ = {isa = PBXFileReference; lastKnownFileType = sourcecode.c.h; path = ViewController.h; sourceTree = "<group>"; };
		B75DB6DA20F3392A006AC5D6 /* ViewController.m */ = {isa = PBXFileReference; lastKnownFileType = sourcecode.c.objc; path = ViewController.m; sourceTree = "<group>"; };
		B75DB6DF20F3392B006AC5D6 /* Assets.xcassets */ = {isa = PBXFileReference; lastKnownFileType = folder.assetcatalog; path = Assets.xcassets; sourceTree = "<group>"; };
		B75DB6E220F3392B006AC5D6 /* Base */ = {isa = PBXFileReference; lastKnownFileType = file.storyboard; name = Base; path = Base.lproj/LaunchScreen.storyboard; sourceTree = "<group>"; };
		B75DB6E420F3392B006AC5D6 /* Info.plist */ = {isa = PBXFileReference; lastKnownFileType = text.plist.xml; path = Info.plist; sourceTree = "<group>"; };
		B75DB6E520F3392B006AC5D6 /* main.m */ = {isa = PBXFileReference; lastKnownFileType = sourcecode.c.objc; path = main.m; sourceTree = "<group>"; };
		B75DB6F020F351EC006AC5D6 /* WLFormItem.h */ = {isa = PBXFileReference; lastKnownFileType = sourcecode.c.h; path = WLFormItem.h; sourceTree = "<group>"; };
		B75DB6F120F351EC006AC5D6 /* WLFormItem.m */ = {isa = PBXFileReference; lastKnownFileType = sourcecode.c.objc; path = WLFormItem.m; sourceTree = "<group>"; };
		B7F68D8A2126B36100031EB6 /* FormViewController.h */ = {isa = PBXFileReference; lastKnownFileType = sourcecode.c.h; path = FormViewController.h; sourceTree = "<group>"; };
		B7F68D8B2126B36100031EB6 /* FormViewController.m */ = {isa = PBXFileReference; lastKnownFileType = sourcecode.c.objc; path = FormViewController.m; sourceTree = "<group>"; };
/* End PBXFileReference section */

/* Begin PBXFrameworksBuildPhase section */
		B75DB6D020F33929006AC5D6 /* Frameworks */ = {
			isa = PBXFrameworksBuildPhase;
			buildActionMask = 2147483647;
			files = (
			);
			runOnlyForDeploymentPostprocessing = 0;
		};
/* End PBXFrameworksBuildPhase section */

/* Begin PBXGroup section */
		B750B5BA212521330014CE55 /* CGXPickerView */ = {
			isa = PBXGroup;
			children = (
				B750B5C5212521330014CE55 /* CGXPickerViewManager.h */,
				B750B5BD212521330014CE55 /* CGXPickerViewManager.m */,
				B750B5C0212521330014CE55 /* CGXPickerView.h */,
				B750B5CB212521330014CE55 /* CGXPickerView.m */,
				B750B5BE212521330014CE55 /* CGXAddressModel.h */,
				B750B5C8212521330014CE55 /* CGXAddressModel.m */,
				B750B5BB212521330014CE55 /* CGXAddressPcikerView.h */,
				B750B5C3212521330014CE55 /* CGXAddressPcikerView.m */,
				B750B5BC212521330014CE55 /* CGXDatePickerView.h */,
				B750B5C6212521330014CE55 /* CGXDatePickerView.m */,
				B750B5BF212521330014CE55 /* CGXPickerUIBaseView.h */,
				B750B5C7212521330014CE55 /* CGXPickerUIBaseView.m */,
				B750B5C1212521330014CE55 /* CGXStringPickerView.h */,
				B750B5CA212521330014CE55 /* CGXStringPickerView.m */,
				B750B5C2212521330014CE55 /* NSDate+CGXPicker.m */,
				B750B5C9212521330014CE55 /* NSDate+CGXPicker.h */,
				B750B5C4212521330014CE55 /* CGXPickerView.bundle */,
			);
			path = CGXPickerView;
			sourceTree = "<group>";
		};
		B75DB6CA20F33929006AC5D6 = {
			isa = PBXGroup;
			children = (
				B75DB6D520F33929006AC5D6 /* WLFormTool */,
				B75DB6D420F33929006AC5D6 /* Products */,
			);
			sourceTree = "<group>";
		};
		B75DB6D420F33929006AC5D6 /* Products */ = {
			isa = PBXGroup;
			children = (
				B75DB6D320F33929006AC5D6 /* WLFormTool.app */,
			);
			name = Products;
			sourceTree = "<group>";
		};
		B75DB6D520F33929006AC5D6 /* WLFormTool */ = {
			isa = PBXGroup;
			children = (
				B750B5BA212521330014CE55 /* CGXPickerView */,
				B75DB6EC20F34EE0006AC5D6 /* WLFormTool */,
				B75DB6D620F33929006AC5D6 /* AppDelegate.h */,
				B75DB6D720F33929006AC5D6 /* AppDelegate.m */,
				B75DB6D920F3392A006AC5D6 /* ViewController.h */,
				B75DB6DA20F3392A006AC5D6 /* ViewController.m */,
				B7F68D8A2126B36100031EB6 /* FormViewController.h */,
				B7F68D8B2126B36100031EB6 /* FormViewController.m */,
				B75DB6DF20F3392B006AC5D6 /* Assets.xcassets */,
				B75DB6E120F3392B006AC5D6 /* LaunchScreen.storyboard */,
				B75DB6E420F3392B006AC5D6 /* Info.plist */,
				B75DB6E520F3392B006AC5D6 /* main.m */,
			);
			path = WLFormTool;
			sourceTree = "<group>";
		};
		B75DB6EC20F34EE0006AC5D6 /* WLFormTool */ = {
			isa = PBXGroup;
			children = (
				B750B5B521242D4E0014CE55 /* WLForm.bundle */,
				B750B597212400FF0014CE55 /* WLForm.h */,
				B750B59C212401000014CE55 /* WLFormBaseController.h */,
				B750B59F212401010014CE55 /* WLFormBaseController.m */,
				B750B59E212401010014CE55 /* WLFormHandler.h */,
				B750B59D212401010014CE55 /* WLFormHandler.m */,
				B75DB6EE20F3507F006AC5D6 /* WLFormCell */,
				B75DB6EF20F3507F006AC5D6 /* WLFormItem */,
				B75DB6ED20F3507E006AC5D6 /* WLFormManager */,
			);
			path = WLFormTool;
			sourceTree = "<group>";
		};
		B75DB6ED20F3507E006AC5D6 /* WLFormManager */ = {
			isa = PBXGroup;
			children = (
				B750B58C2123FFEB0014CE55 /* NSString+WLForm.h */,
				B750B5872123FFEB0014CE55 /* NSString+WLForm.m */,
				B750B5882123FFEB0014CE55 /* SelwynExpandableTextView.h */,
				B750B58D2123FFEB0014CE55 /* SelwynExpandableTextView.m */,
				B750B5842123FFEA0014CE55 /* WLFormCompat.h */,
				B750B5852123FFEA0014CE55 /* WLFormCompat.m */,
				B750B5862123FFEA0014CE55 /* UITextField+TextLimit.h */,
				B750B58A2123FFEB0014CE55 /* UITextField+TextLimit.m */,
				B750B5892123FFEB0014CE55 /* UITextView+TextLimit.h */,
				B750B58B2123FFEB0014CE55 /* UITextView+TextLimit.m */,
			);
			path = WLFormManager;
			sourceTree = "<group>";
		};
		B75DB6EE20F3507F006AC5D6 /* WLFormCell */ = {
			isa = PBXGroup;
			children = (
				B750B5812123FF570014CE55 /* WLFormBaseCell.h */,
				B750B5822123FF570014CE55 /* WLFormBaseCell.m */,
				B750B5B721242DFD0014CE55 /* WLFormIdCardImageCell.h */,
				B750B5B821242DFD0014CE55 /* WLFormIdCardImageCell.m */,
				B750B5A8212404940014CE55 /* WLFormInputCell.h */,
				B750B5A9212404940014CE55 /* WLFormInputCell.m */,
				B750B5A7212404940014CE55 /* WLFormSelectCell.h */,
				B750B5AB212404940014CE55 /* WLFormSelectCell.m */,
				B750B5AC212404940014CE55 /* WLFormTextViewInputCell.h */,
				B750B5AA212404940014CE55 /* WLFormTextViewInputCell.m */,
			);
			path = WLFormCell;
			sourceTree = "<group>";
		};
		B75DB6EF20F3507F006AC5D6 /* WLFormItem */ = {
			isa = PBXGroup;
			children = (
				B75DB6F020F351EC006AC5D6 /* WLFormItem.h */,
				B75DB6F120F351EC006AC5D6 /* WLFormItem.m */,
				B750B57E2123DBCB0014CE55 /* WLFormSectionItem.h */,
				B750B57F2123DBCB0014CE55 /* WLFormSectionItem.m */,
			);
			path = WLFormItem;
			sourceTree = "<group>";
		};
/* End PBXGroup section */

/* Begin PBXNativeTarget section */
		B75DB6D220F33929006AC5D6 /* WLFormTool */ = {
			isa = PBXNativeTarget;
			buildConfigurationList = B75DB6E920F3392B006AC5D6 /* Build configuration list for PBXNativeTarget "WLFormTool" */;
			buildPhases = (
				B75DB6CF20F33929006AC5D6 /* Sources */,
				B75DB6D020F33929006AC5D6 /* Frameworks */,
				B75DB6D120F33929006AC5D6 /* Resources */,
			);
			buildRules = (
			);
			dependencies = (
			);
			name = WLFormTool;
			productName = WLFormTool;
			productReference = B75DB6D320F33929006AC5D6 /* WLFormTool.app */;
			productType = "com.apple.product-type.application";
		};
/* End PBXNativeTarget section */

/* Begin PBXProject section */
		B75DB6CB20F33929006AC5D6 /* Project object */ = {
			isa = PBXProject;
			attributes = {
				LastUpgradeCheck = 0940;
				ORGANIZATIONNAME = bestlei;
				TargetAttributes = {
					B75DB6D220F33929006AC5D6 = {
						CreatedOnToolsVersion = 9.4;
					};
				};
			};
			buildConfigurationList = B75DB6CE20F33929006AC5D6 /* Build configuration list for PBXProject "WLFormTool" */;
			compatibilityVersion = "Xcode 9.3";
			developmentRegion = en;
			hasScannedForEncodings = 0;
			knownRegions = (
				en,
				Base,
			);
			mainGroup = B75DB6CA20F33929006AC5D6;
			productRefGroup = B75DB6D420F33929006AC5D6 /* Products */;
			projectDirPath = "";
			projectRoot = "";
			targets = (
				B75DB6D220F33929006AC5D6 /* WLFormTool */,
			);
		};
/* End PBXProject section */

/* Begin PBXResourcesBuildPhase section */
		B75DB6D120F33929006AC5D6 /* Resources */ = {
			isa = PBXResourcesBuildPhase;
			buildActionMask = 2147483647;
			files = (
				B750B5B621242D4E0014CE55 /* WLForm.bundle in Resources */,
				B75DB6E320F3392B006AC5D6 /* LaunchScreen.storyboard in Resources */,
				B75DB6E020F3392B006AC5D6 /* Assets.xcassets in Resources */,
				B750B5CF212521330014CE55 /* CGXPickerView.bundle in Resources */,
			);
			runOnlyForDeploymentPostprocessing = 0;
		};
/* End PBXResourcesBuildPhase section */

/* Begin PBXSourcesBuildPhase section */
		B75DB6CF20F33929006AC5D6 /* Sources */ = {
			isa = PBXSourcesBuildPhase;
			buildActionMask = 2147483647;
			files = (
				B750B5AE212404940014CE55 /* WLFormInputCell.m in Sources */,
				B750B58E2123FFEB0014CE55 /* WLFormCompat.m in Sources */,
				B750B5D2212521330014CE55 /* CGXAddressModel.m in Sources */,
				B750B5CE212521330014CE55 /* CGXAddressPcikerView.m in Sources */,
				B75DB6DB20F3392A006AC5D6 /* ViewController.m in Sources */,
				B750B5D1212521330014CE55 /* CGXPickerUIBaseView.m in Sources */,
				B750B5CC212521330014CE55 /* CGXPickerViewManager.m in Sources */,
				B750B5832123FF570014CE55 /* WLFormBaseCell.m in Sources */,
				B75DB6F220F351EC006AC5D6 /* WLFormItem.m in Sources */,
				B750B5912123FFEB0014CE55 /* UITextView+TextLimit.m in Sources */,
				B750B5D3212521330014CE55 /* CGXStringPickerView.m in Sources */,
				B75DB6E620F3392B006AC5D6 /* main.m in Sources */,
				B750B5AF212404940014CE55 /* WLFormTextViewInputCell.m in Sources */,
				B750B5902123FFEB0014CE55 /* UITextField+TextLimit.m in Sources */,
				B750B5B0212404940014CE55 /* WLFormSelectCell.m in Sources */,
				B750B58F2123FFEB0014CE55 /* NSString+WLForm.m in Sources */,
				B750B5802123DBCB0014CE55 /* WLFormSectionItem.m in Sources */,
				B7F68D8C2126B36100031EB6 /* FormViewController.m in Sources */,
				B75DB6D820F3392A006AC5D6 /* AppDelegate.m in Sources */,
				B750B5922123FFEB0014CE55 /* SelwynExpandableTextView.m in Sources */,
				B750B5B921242DFD0014CE55 /* WLFormIdCardImageCell.m in Sources */,
				B750B5CD212521330014CE55 /* NSDate+CGXPicker.m in Sources */,
				B750B5D4212521330014CE55 /* CGXPickerView.m in Sources */,
				B750B5A4212401010014CE55 /* WLFormBaseController.m in Sources */,
				B750B5A3212401010014CE55 /* WLFormHandler.m in Sources */,
				B750B5D0212521330014CE55 /* CGXDatePickerView.m in Sources */,
			);
			runOnlyForDeploymentPostprocessing = 0;
		};
/* End PBXSourcesBuildPhase section */

/* Begin PBXVariantGroup section */
		B75DB6E120F3392B006AC5D6 /* LaunchScreen.storyboard */ = {
			isa = PBXVariantGroup;
			children = (
				B75DB6E220F3392B006AC5D6 /* Base */,
			);
			name = LaunchScreen.storyboard;
			sourceTree = "<group>";
		};
/* End PBXVariantGroup section */

/* Begin XCBuildConfiguration section */
		B75DB6E720F3392B006AC5D6 /* Debug */ = {
			isa = XCBuildConfiguration;
			buildSettings = {
				ALWAYS_SEARCH_USER_PATHS = NO;
				CLANG_ANALYZER_NONNULL = YES;
				CLANG_ANALYZER_NUMBER_OBJECT_CONVERSION = YES_AGGRESSIVE;
				CLANG_CXX_LANGUAGE_STANDARD = "gnu++14";
				CLANG_CXX_LIBRARY = "libc++";
				CLANG_ENABLE_MODULES = YES;
				CLANG_ENABLE_OBJC_ARC = YES;
				CLANG_ENABLE_OBJC_WEAK = YES;
				CLANG_WARN_BLOCK_CAPTURE_AUTORELEASING = YES;
				CLANG_WARN_BOOL_CONVERSION = YES;
				CLANG_WARN_COMMA = YES;
				CLANG_WARN_CONSTANT_CONVERSION = YES;
				CLANG_WARN_DEPRECATED_OBJC_IMPLEMENTATIONS = YES;
				CLANG_WARN_DIRECT_OBJC_ISA_USAGE = YES_ERROR;
				CLANG_WARN_DOCUMENTATION_COMMENTS = YES;
				CLANG_WARN_EMPTY_BODY = YES;
				CLANG_WARN_ENUM_CONVERSION = YES;
				CLANG_WARN_INFINITE_RECURSION = YES;
				CLANG_WARN_INT_CONVERSION = YES;
				CLANG_WARN_NON_LITERAL_NULL_CONVERSION = YES;
				CLANG_WARN_OBJC_IMPLICIT_RETAIN_SELF = YES;
				CLANG_WARN_OBJC_LITERAL_CONVERSION = YES;
				CLANG_WARN_OBJC_ROOT_CLASS = YES_ERROR;
				CLANG_WARN_RANGE_LOOP_ANALYSIS = YES;
				CLANG_WARN_STRICT_PROTOTYPES = YES;
				CLANG_WARN_SUSPICIOUS_MOVE = YES;
				CLANG_WARN_UNGUARDED_AVAILABILITY = YES_AGGRESSIVE;
				CLANG_WARN_UNREACHABLE_CODE = YES;
				CLANG_WARN__DUPLICATE_METHOD_MATCH = YES;
				CODE_SIGN_IDENTITY = "iPhone Developer";
				COPY_PHASE_STRIP = NO;
				DEBUG_INFORMATION_FORMAT = dwarf;
				ENABLE_STRICT_OBJC_MSGSEND = YES;
				ENABLE_TESTABILITY = YES;
				GCC_C_LANGUAGE_STANDARD = gnu11;
				GCC_DYNAMIC_NO_PIC = NO;
				GCC_NO_COMMON_BLOCKS = YES;
				GCC_OPTIMIZATION_LEVEL = 0;
				GCC_PREPROCESSOR_DEFINITIONS = (
					"DEBUG=1",
					"$(inherited)",
				);
				GCC_WARN_64_TO_32_BIT_CONVERSION = YES;
				GCC_WARN_ABOUT_RETURN_TYPE = YES_ERROR;
				GCC_WARN_UNDECLARED_SELECTOR = YES;
				GCC_WARN_UNINITIALIZED_AUTOS = YES_AGGRESSIVE;
				GCC_WARN_UNUSED_FUNCTION = YES;
				GCC_WARN_UNUSED_VARIABLE = YES;
				IPHONEOS_DEPLOYMENT_TARGET = 11.4;
				MTL_ENABLE_DEBUG_INFO = YES;
				ONLY_ACTIVE_ARCH = YES;
				SDKROOT = iphoneos;
			};
			name = Debug;
		};
		B75DB6E820F3392B006AC5D6 /* Release */ = {
			isa = XCBuildConfiguration;
			buildSettings = {
				ALWAYS_SEARCH_USER_PATHS = NO;
				CLANG_ANALYZER_NONNULL = YES;
				CLANG_ANALYZER_NUMBER_OBJECT_CONVERSION = YES_AGGRESSIVE;
				CLANG_CXX_LANGUAGE_STANDARD = "gnu++14";
				CLANG_CXX_LIBRARY = "libc++";
				CLANG_ENABLE_MODULES = YES;
				CLANG_ENABLE_OBJC_ARC = YES;
				CLANG_ENABLE_OBJC_WEAK = YES;
				CLANG_WARN_BLOCK_CAPTURE_AUTORELEASING = YES;
				CLANG_WARN_BOOL_CONVERSION = YES;
				CLANG_WARN_COMMA = YES;
				CLANG_WARN_CONSTANT_CONVERSION = YES;
				CLANG_WARN_DEPRECATED_OBJC_IMPLEMENTATIONS = YES;
				CLANG_WARN_DIRECT_OBJC_ISA_USAGE = YES_ERROR;
				CLANG_WARN_DOCUMENTATION_COMMENTS = YES;
				CLANG_WARN_EMPTY_BODY = YES;
				CLANG_WARN_ENUM_CONVERSION = YES;
				CLANG_WARN_INFINITE_RECURSION = YES;
				CLANG_WARN_INT_CONVERSION = YES;
				CLANG_WARN_NON_LITERAL_NULL_CONVERSION = YES;
				CLANG_WARN_OBJC_IMPLICIT_RETAIN_SELF = YES;
				CLANG_WARN_OBJC_LITERAL_CONVERSION = YES;
				CLANG_WARN_OBJC_ROOT_CLASS = YES_ERROR;
				CLANG_WARN_RANGE_LOOP_ANALYSIS = YES;
				CLANG_WARN_STRICT_PROTOTYPES = YES;
				CLANG_WARN_SUSPICIOUS_MOVE = YES;
				CLANG_WARN_UNGUARDED_AVAILABILITY = YES_AGGRESSIVE;
				CLANG_WARN_UNREACHABLE_CODE = YES;
				CLANG_WARN__DUPLICATE_METHOD_MATCH = YES;
				CODE_SIGN_IDENTITY = "iPhone Developer";
				COPY_PHASE_STRIP = NO;
				DEBUG_INFORMATION_FORMAT = "dwarf-with-dsym";
				ENABLE_NS_ASSERTIONS = NO;
				ENABLE_STRICT_OBJC_MSGSEND = YES;
				GCC_C_LANGUAGE_STANDARD = gnu11;
				GCC_NO_COMMON_BLOCKS = YES;
				GCC_WARN_64_TO_32_BIT_CONVERSION = YES;
				GCC_WARN_ABOUT_RETURN_TYPE = YES_ERROR;
				GCC_WARN_UNDECLARED_SELECTOR = YES;
				GCC_WARN_UNINITIALIZED_AUTOS = YES_AGGRESSIVE;
				GCC_WARN_UNUSED_FUNCTION = YES;
				GCC_WARN_UNUSED_VARIABLE = YES;
				IPHONEOS_DEPLOYMENT_TARGET = 11.4;
				MTL_ENABLE_DEBUG_INFO = NO;
				SDKROOT = iphoneos;
				VALIDATE_PRODUCT = YES;
			};
			name = Release;
		};
		B75DB6EA20F3392B006AC5D6 /* Debug */ = {
			isa = XCBuildConfiguration;
			buildSettings = {
				ASSETCATALOG_COMPILER_APPICON_NAME = AppIcon;
				CODE_SIGN_STYLE = Automatic;
				DEVELOPMENT_TEAM = 7JW72ZY9EY;
				INFOPLIST_FILE = WLFormTool/Info.plist;
				IPHONEOS_DEPLOYMENT_TARGET = 8.0;
				LD_RUNPATH_SEARCH_PATHS = (
					"$(inherited)",
					"@executable_path/Frameworks",
				);
				PRODUCT_BUNDLE_IDENTIFIER = com.BuyerAndSeller.cn.WLFormTool;
				PRODUCT_NAME = "$(TARGET_NAME)";
				TARGETED_DEVICE_FAMILY = "1,2";
			};
			name = Debug;
		};
		B75DB6EB20F3392B006AC5D6 /* Release */ = {
			isa = XCBuildConfiguration;
			buildSettings = {
				ASSETCATALOG_COMPILER_APPICON_NAME = AppIcon;
				CODE_SIGN_STYLE = Automatic;
				DEVELOPMENT_TEAM = 7JW72ZY9EY;
				INFOPLIST_FILE = WLFormTool/Info.plist;
				IPHONEOS_DEPLOYMENT_TARGET = 8.0;
				LD_RUNPATH_SEARCH_PATHS = (
					"$(inherited)",
					"@executable_path/Frameworks",
				);
				PRODUCT_BUNDLE_IDENTIFIER = com.BuyerAndSeller.cn.WLFormTool;
				PRODUCT_NAME = "$(TARGET_NAME)";
				TARGETED_DEVICE_FAMILY = "1,2";
			};
			name = Release;
		};
/* End XCBuildConfiguration section */

/* Begin XCConfigurationList section */
		B75DB6CE20F33929006AC5D6 /* Build configuration list for PBXProject "WLFormTool" */ = {
			isa = XCConfigurationList;
			buildConfigurations = (
				B75DB6E720F3392B006AC5D6 /* Debug */,
				B75DB6E820F3392B006AC5D6 /* Release */,
			);
			defaultConfigurationIsVisible = 0;
			defaultConfigurationName = Release;
		};
		B75DB6E920F3392B006AC5D6 /* Build configuration list for PBXNativeTarget "WLFormTool" */ = {
			isa = XCConfigurationList;
			buildConfigurations = (
				B75DB6EA20F3392B006AC5D6 /* Debug */,
				B75DB6EB20F3392B006AC5D6 /* Release */,
			);
			defaultConfigurationIsVisible = 0;
			defaultConfigurationName = Release;
		};
/* End XCConfigurationList section */
	};
	rootObject = B75DB6CB20F33929006AC5D6 /* Project object */;
}
